
Microsoft Visual Studio Solution File, Format Version 12.00
# Visual Studio 2013
VisualStudioVersion = 12.0.21005.1
MinimumVisualStudioVersion = 10.0.40219.1
Project("{FAE04EC0-301F-11D3-BF4B-00C04F79EFBC}") = "BluetoothAuscultation", "BluetoothAuscultation\BluetoothAuscultation.csproj", "{4D65A5A8-BBEF-4FD2-B9E3-8B9D581A1C67}"
EndProject
Project("{FAE04EC0-301F-11D3-BF4B-00C04F79EFBC}") = "WinFormsUI", "WinFormsUI\WinFormsUI.csproj", "{C75532C4-765B-418E-B09B-46D36B2ABDB1}"
EndProject
Project("{FAE04EC0-301F-11D3-BF4B-00C04F79EFBC}") = "Updater", "Updater\Updater.csproj", "{6E19A4EC-B822-45F6-808C-0E4AAC6C3119}"
EndProject
Project("{FAE04EC0-301F-11D3-BF4B-00C04F79EFBC}") = "ServerManager", "ServerManager\ServerManager.csproj", "{0010DBC5-F319-4675-ADCD-44FBD5F5587F}"
EndProject
Global
	GlobalSection(SolutionConfigurationPlatforms) = preSolution
		Debug|Any CPU = Debug|Any CPU
		Debug|Mixed Platforms = Debug|Mixed Platforms
		Debug|x86 = Debug|x86
		Release|Any CPU = Release|Any CPU
		Release|Mixed Platforms = Release|Mixed Platforms
		Release|x86 = Release|x86
	EndGlobalSection
	GlobalSection(ProjectConfigurationPlatforms) = postSolution
		{4D65A5A8-BBEF-4FD2-B9E3-8B9D581A1C67}.Debug|Any CPU.ActiveCfg = Debug|x86
		{4D65A5A8-BBEF-4FD2-B9E3-8B9D581A1C67}.Debug|Mixed Platforms.ActiveCfg = Debug|x86
		{4D65A5A8-BBEF-4FD2-B9E3-8B9D581A1C67}.Debug|Mixed Platforms.Build.0 = Debug|x86
		{4D65A5A8-BBEF-4FD2-B9E3-8B9D581A1C67}.Debug|x86.ActiveCfg = Debug|x86
		{4D65A5A8-BBEF-4FD2-B9E3-8B9D581A1C67}.Debug|x86.Build.0 = Debug|x86
		{4D65A5A8-BBEF-4FD2-B9E3-8B9D581A1C67}.Release|Any CPU.ActiveCfg = Release|x86
		{4D65A5A8-BBEF-4FD2-B9E3-8B9D581A1C67}.Release|Mixed Platforms.ActiveCfg = Release|x86
		{4D65A5A8-BBEF-4FD2-B9E3-8B9D581A1C67}.Release|Mixed Platforms.Build.0 = Release|x86
		{4D65A5A8-BBEF-4FD2-B9E3-8B9D581A1C67}.Release|x86.ActiveCfg = Release|x86
		{4D65A5A8-BBEF-4FD2-B9E3-8B9D581A1C67}.Release|x86.Build.0 = Release|x86
		{C75532C4-765B-418E-B09B-46D36B2ABDB1}.Debug|Any CPU.ActiveCfg = Debug|Any CPU
		{C75532C4-765B-418E-B09B-46D36B2ABDB1}.Debug|Any CPU.Build.0 = Debug|Any CPU
		{C75532C4-765B-418E-B09B-46D36B2ABDB1}.Debug|Mixed Platforms.ActiveCfg = Debug|Any CPU
		{C75532C4-765B-418E-B09B-46D36B2ABDB1}.Debug|Mixed Platforms.Build.0 = Debug|Any CPU
		{C75532C4-765B-418E-B09B-46D36B2ABDB1}.Debug|x86.ActiveCfg = Debug|Any CPU
		{C75532C4-765B-418E-B09B-46D36B2ABDB1}.Release|Any CPU.ActiveCfg = Release|Any CPU
		{C75532C4-765B-418E-B09B-46D36B2ABDB1}.Release|Any CPU.Build.0 = Release|Any CPU
		{C75532C4-765B-418E-B09B-46D36B2ABDB1}.Release|Mixed Platforms.ActiveCfg = Release|Any CPU
		{C75532C4-765B-418E-B09B-46D36B2ABDB1}.Release|Mixed Platforms.Build.0 = Release|Any CPU
		{C75532C4-765B-418E-B09B-46D36B2ABDB1}.Release|x86.ActiveCfg = Release|Any CPU
		{6E19A4EC-B822-45F6-808C-0E4AAC6C3119}.Debug|Any CPU.ActiveCfg = Debug|x86
		{6E19A4EC-B822-45F6-808C-0E4AAC6C3119}.Debug|Mixed Platforms.ActiveCfg = Debug|x86
		{6E19A4EC-B822-45F6-808C-0E4AAC6C3119}.Debug|Mixed Platforms.Build.0 = Debug|x86
		{6E19A4EC-B822-45F6-808C-0E4AAC6C3119}.Debug|x86.ActiveCfg = Debug|x86
		{6E19A4EC-B822-45F6-808C-0E4AAC6C3119}.Debug|x86.Build.0 = Debug|x86
		{6E19A4EC-B822-45F6-808C-0E4AAC6C3119}.Release|Any CPU.ActiveCfg = Release|x86
		{6E19A4EC-B822-45F6-808C-0E4AAC6C3119}.Release|Mixed Platforms.ActiveCfg = Release|x86
		{6E19A4EC-B822-45F6-808C-0E4AAC6C3119}.Release|Mixed Platforms.Build.0 = Release|x86
		{6E19A4EC-B822-45F6-808C-0E4AAC6C3119}.Release|x86.ActiveCfg = Release|x86
		{6E19A4EC-B822-45F6-808C-0E4AAC6C3119}.Release|x86.Build.0 = Release|x86
		{0010DBC5-F319-4675-ADCD-44FBD5F5587F}.Debug|Any CPU.ActiveCfg = Debug|x86
		{0010DBC5-F319-4675-ADCD-44FBD5F5587F}.Debug|Mixed Platforms.ActiveCfg = Debug|x86
		{0010DBC5-F319-4675-ADCD-44FBD5F5587F}.Debug|Mixed Platforms.Build.0 = Debug|x86
		{0010DBC5-F319-4675-ADCD-44FBD5F5587F}.Debug|x86.ActiveCfg = Debug|x86
		{0010DBC5-F319-4675-ADCD-44FBD5F5587F}.Debug|x86.Build.0 = Debug|x86
		{0010DBC5-F319-4675-ADCD-44FBD5F5587F}.Release|Any CPU.ActiveCfg = Release|x86
		{0010DBC5-F319-4675-ADCD-44FBD5F5587F}.Release|Mixed Platforms.ActiveCfg = Release|x86
		{0010DBC5-F319-4675-ADCD-44FBD5F5587F}.Release|Mixed Platforms.Build.0 = Release|x86
		{0010DBC5-F319-4675-ADCD-44FBD5F5587F}.Release|x86.ActiveCfg = Release|x86
		{0010DBC5-F319-4675-ADCD-44FBD5F5587F}.Release|x86.Build.0 = Release|x86
	EndGlobalSection
	GlobalSection(SolutionProperties) = preSolution
		HideSolutionNode = FALSE
	EndGlobalSection
EndGlobal
